
Microsoft Visual Studio Solution File, Format Version 12.00
# Visual Studio Version 17
VisualStudioVersion = 17.5.33530.505
MinimumVisualStudioVersion = 10.0.40219.1
Project("{8BC9CEB8-8B4A-11D0-8D11-00A0C91BC942}") = "Ex1", "LW_20\LW_20.vcxproj", "{EE251011-3092-460E-8501-AAC632C5E2EF}"
EndProject
Project("{8BC9CEB8-8B4A-11D0-8D11-00A0C91BC942}") = "Ex4", "Ex4\Ex4.vcxproj", "{500F9964-9FA3-4804-9163-FC5E92E3679B}"
EndProject
Project("{8BC9CEB8-8B4A-11D0-8D11-00A0C91BC942}") = "Ex2", "Ex2\Ex2.vcxproj", "{FF3D8B3D-B340-42CC-A161-D15E12CFCF4B}"
EndProject
Project("{8BC9CEB8-8B4A-11D0-8D11-00A0C91BC942}") = "Ex3", "Ex3\Ex3.vcxproj", "{42E768D2-3789-4080-8A5A-B84ED0235090}"
EndProject
Project("{8BC9CEB8-8B4A-11D0-8D11-00A0C91BC942}") = "Ex5", "Ex5\Ex5.vcxproj", "{2DA670C6-D600-4D36-AEF1-CF70A116FEB9}"
EndProject
Project("{8BC9CEB8-8B4A-11D0-8D11-00A0C91BC942}") = "Ex6", "Ex6\Ex6.vcxproj", "{B4AA9E4E-EE32-4B68-9B9D-358E5A00CB77}"
EndProject
Project("{8BC9CEB8-8B4A-11D0-8D11-00A0C91BC942}") = "Ex7", "Ex7\Ex7.vcxproj", "{23A4DB01-760B-4E03-A557-62564443AC4A}"
EndProject
Project("{8BC9CEB8-8B4A-11D0-8D11-00A0C91BC942}") = "Ex8", "Ex8\Ex8.vcxproj", "{8928C026-9070-4EE9-9946-8551CA41D49B}"
EndProject
Global
	GlobalSection(SolutionConfigurationPlatforms) = preSolution
		Debug|x64 = Debug|x64
		Debug|x86 = Debug|x86
		Release|x64 = Release|x64
		Release|x86 = Release|x86
	EndGlobalSection
	GlobalSection(ProjectConfigurationPlatforms) = postSolution
		{EE251011-3092-460E-8501-AAC632C5E2EF}.Debug|x64.ActiveCfg = Debug|x64
		{EE251011-3092-460E-8501-AAC632C5E2EF}.Debug|x64.Build.0 = Debug|x64
		{EE251011-3092-460E-8501-AAC632C5E2EF}.Debug|x86.ActiveCfg = Debug|Win32
		{EE251011-3092-460E-8501-AAC632C5E2EF}.Debug|x86.Build.0 = Debug|Win32
		{EE251011-3092-460E-8501-AAC632C5E2EF}.Release|x64.ActiveCfg = Release|x64
		{EE251011-3092-460E-8501-AAC632C5E2EF}.Release|x64.Build.0 = Release|x64
		{EE251011-3092-460E-8501-AAC632C5E2EF}.Release|x86.ActiveCfg = Release|Win32
		{EE251011-3092-460E-8501-AAC632C5E2EF}.Release|x86.Build.0 = Release|Win32
		{500F9964-9FA3-4804-9163-FC5E92E3679B}.Debug|x64.ActiveCfg = Debug|x64
		{500F9964-9FA3-4804-9163-FC5E92E3679B}.Debug|x64.Build.0 = Debug|x64
		{500F9964-9FA3-4804-9163-FC5E92E3679B}.Debug|x86.ActiveCfg = Debug|Win32
		{500F9964-9FA3-4804-9163-FC5E92E3679B}.Debug|x86.Build.0 = Debug|Win32
		{500F9964-9FA3-4804-9163-FC5E92E3679B}.Release|x64.ActiveCfg = Release|x64
		{500F9964-9FA3-4804-9163-FC5E92E3679B}.Release|x64.Build.0 = Release|x64
		{500F9964-9FA3-4804-9163-FC5E92E3679B}.Release|x86.ActiveCfg = Release|Win32
		{500F9964-9FA3-4804-9163-FC5E92E3679B}.Release|x86.Build.0 = Release|Win32
		{FF3D8B3D-B340-42CC-A161-D15E12CFCF4B}.Debug|x64.ActiveCfg = Debug|x64
		{FF3D8B3D-B340-42CC-A161-D15E12CFCF4B}.Debug|x64.Build.0 = Debug|x64
		{FF3D8B3D-B340-42CC-A161-D15E12CFCF4B}.Debug|x86.ActiveCfg = Debug|Win32
		{FF3D8B3D-B340-42CC-A161-D15E12CFCF4B}.Debug|x86.Build.0 = Debug|Win32
		{FF3D8B3D-B340-42CC-A161-D15E12CFCF4B}.Release|x64.ActiveCfg = Release|x64
		{FF3D8B3D-B340-42CC-A161-D15E12CFCF4B}.Release|x64.Build.0 = Release|x64
		{FF3D8B3D-B340-42CC-A161-D15E12CFCF4B}.Release|x86.ActiveCfg = Release|Win32
		{FF3D8B3D-B340-42CC-A161-D15E12CFCF4B}.Release|x86.Build.0 = Release|Win32
		{42E768D2-3789-4080-8A5A-B84ED0235090}.Debug|x64.ActiveCfg = Debug|x64
		{42E768D2-3789-4080-8A5A-B84ED0235090}.Debug|x64.Build.0 = Debug|x64
		{42E768D2-3789-4080-8A5A-B84ED0235090}.Debug|x86.ActiveCfg = Debug|Win32
		{42E768D2-3789-4080-8A5A-B84ED0235090}.Debug|x86.Build.0 = Debug|Win32
		{42E768D2-3789-4080-8A5A-B84ED0235090}.Release|x64.ActiveCfg = Release|x64
		{42E768D2-3789-4080-8A5A-B84ED0235090}.Release|x64.Build.0 = Release|x64
		{42E768D2-3789-4080-8A5A-B84ED0235090}.Release|x86.ActiveCfg = Release|Win32
		{42E768D2-3789-4080-8A5A-B84ED0235090}.Release|x86.Build.0 = Release|Win32
		{2DA670C6-D600-4D36-AEF1-CF70A116FEB9}.Debug|x64.ActiveCfg = Debug|x64
		{2DA670C6-D600-4D36-AEF1-CF70A116FEB9}.Debug|x64.Build.0 = Debug|x64
		{2DA670C6-D600-4D36-AEF1-CF70A116FEB9}.Debug|x86.ActiveCfg = Debug|Win32
		{2DA670C6-D600-4D36-AEF1-CF70A116FEB9}.Debug|x86.Build.0 = Debug|Win32
		{2DA670C6-D600-4D36-AEF1-CF70A116FEB9}.Release|x64.ActiveCfg = Release|x64
		{2DA670C6-D600-4D36-AEF1-CF70A116FEB9}.Release|x64.Build.0 = Release|x64
		{2DA670C6-D600-4D36-AEF1-CF70A116FEB9}.Release|x86.ActiveCfg = Release|Win32
		{2DA670C6-D600-4D36-AEF1-CF70A116FEB9}.Release|x86.Build.0 = Release|Win32
		{B4AA9E4E-EE32-4B68-9B9D-358E5A00CB77}.Debug|x64.ActiveCfg = Debug|x64
		{B4AA9E4E-EE32-4B68-9B9D-358E5A00CB77}.Debug|x64.Build.0 = Debug|x64
		{B4AA9E4E-EE32-4B68-9B9D-358E5A00CB77}.Debug|x86.ActiveCfg = Debug|Win32
		{B4AA9E4E-EE32-4B68-9B9D-358E5A00CB77}.Debug|x86.Build.0 = Debug|Win32
		{B4AA9E4E-EE32-4B68-9B9D-358E5A00CB77}.Release|x64.ActiveCfg = Release|x64
		{B4AA9E4E-EE32-4B68-9B9D-358E5A00CB77}.Release|x64.Build.0 = Release|x64
		{B4AA9E4E-EE32-4B68-9B9D-358E5A00CB77}.Release|x86.ActiveCfg = Release|Win32
		{B4AA9E4E-EE32-4B68-9B9D-358E5A00CB77}.Release|x86.Build.0 = Release|Win32
		{23A4DB01-760B-4E03-A557-62564443AC4A}.Debug|x64.ActiveCfg = Debug|x64
		{23A4DB01-760B-4E03-A557-62564443AC4A}.Debug|x64.Build.0 = Debug|x64
		{23A4DB01-760B-4E03-A557-62564443AC4A}.Debug|x86.ActiveCfg = Debug|Win32
		{23A4DB01-760B-4E03-A557-62564443AC4A}.Debug|x86.Build.0 = Debug|Win32
		{23A4DB01-760B-4E03-A557-62564443AC4A}.Release|x64.ActiveCfg = Release|x64
		{23A4DB01-760B-4E03-A557-62564443AC4A}.Release|x64.Build.0 = Release|x64
		{23A4DB01-760B-4E03-A557-62564443AC4A}.Release|x86.ActiveCfg = Release|Win32
		{23A4DB01-760B-4E03-A557-62564443AC4A}.Release|x86.Build.0 = Release|Win32
		{8928C026-9070-4EE9-9946-8551CA41D49B}.Debug|x64.ActiveCfg = Debug|x64
		{8928C026-9070-4EE9-9946-8551CA41D49B}.Debug|x64.Build.0 = Debug|x64
		{8928C026-9070-4EE9-9946-8551CA41D49B}.Debug|x86.ActiveCfg = Debug|Win32
		{8928C026-9070-4EE9-9946-8551CA41D49B}.Debug|x86.Build.0 = Debug|Win32
		{8928C026-9070-4EE9-9946-8551CA41D49B}.Release|x64.ActiveCfg = Release|x64
		{8928C026-9070-4EE9-9946-8551CA41D49B}.Release|x64.Build.0 = Release|x64
		{8928C026-9070-4EE9-9946-8551CA41D49B}.Release|x86.ActiveCfg = Release|Win32
		{8928C026-9070-4EE9-9946-8551CA41D49B}.Release|x86.Build.0 = Release|Win32
	EndGlobalSection
	GlobalSection(SolutionProperties) = preSolution
		HideSolutionNode = FALSE
	EndGlobalSection
	GlobalSection(ExtensibilityGlobals) = postSolution
		SolutionGuid = {128FF5BE-1742-4DC9-8147-BCF3043BFF12}
	EndGlobalSection
EndGlobal
